{
  "nodes": {
    "nixpkgs": {
      "locked": {
        "lastModified": 1739563354,
        "narHash": "sha256-HXIn3sxr1+kq4pIj2DKL+GuZc1WYhGKHv5VWTL5vrlY=",
        "owner": "NixOS",
        "repo": "nixpkgs",
        "rev": "7b75c7a591aa1425d5feefa38dc3151b05d17dad",
        "type": "github"
      },
      "original": {
        "owner": "NixOS",
        "repo": "nixpkgs",
        "rev": "7b75c7a591aa1425d5feefa38dc3151b05d17dad",
        "type": "github"
      }
    },
    "root": {
      "inputs": {
        "nixpkgs": "nixpkgs"
      }
    }
  },
  "root": "root",
  "version": 7
}
