{
  "nodes": {
    "nixpkgs": {
      "locked": {
        "lastModified": 1739486749,
        "narHash": "sha256-O81exk8JmmugvKFmyniB/VARfX7EjpejXUuPYfoE1kE=",
        "owner": "NixOS",
        "repo": "nixpkgs",
        "rev": "145fa633efa41fcbe7a436f7ec5dbb61756c44ba",
        "type": "github"
      },
      "original": {
        "owner": "NixOS",
        "repo": "nixpkgs",
        "rev": "145fa633efa41fcbe7a436f7ec5dbb61756c44ba",
        "type": "github"
      }
    },
    "root": {
      "inputs": {
        "nixpkgs": "nixpkgs"
      }
    }
  },
  "root": "root",
  "version": 7
}
